// !$*UTF8*$!
{
	archiveVersion = 1;
	classes = {
	};
	objectVersion = 51;
	objects = {

/* Begin PBXBuildFile section */
		545CB69FC99177DFDE03AB91 /* Pods_SovkomPartners.framework in Frameworks */ = {isa = PBXBuildFile; fileRef = BB1AADD6FF2FE787B360B13B /* Pods_SovkomPartners.framework */; };
		8403C27B25065EE900A7A8EB /* Constants.swift in Sources */ = {isa = PBXBuildFile; fileRef = 8403C27A25065EE900A7A8EB /* Constants.swift */; };
		8403C27D2507860400A7A8EB /* swiftlint.yml in Resources */ = {isa = PBXBuildFile; fileRef = 8403C27C2507860400A7A8EB /* swiftlint.yml */; };
		842F1B802500F30500689CCB /* AppDelegate.swift in Sources */ = {isa = PBXBuildFile; fileRef = 842F1B7F2500F30500689CCB /* AppDelegate.swift */; };
		842F1B822500F30500689CCB /* SceneDelegate.swift in Sources */ = {isa = PBXBuildFile; fileRef = 842F1B812500F30500689CCB /* SceneDelegate.swift */; };
		842F1B892500F30600689CCB /* Assets.xcassets in Resources */ = {isa = PBXBuildFile; fileRef = 842F1B882500F30600689CCB /* Assets.xcassets */; };
		842F1B8C2500F30600689CCB /* LaunchScreen.storyboard in Resources */ = {isa = PBXBuildFile; fileRef = 842F1B8A2500F30600689CCB /* LaunchScreen.storyboard */; };
		842F1B972500F48900689CCB /* MainController.swift in Sources */ = {isa = PBXBuildFile; fileRef = 842F1B952500F48900689CCB /* MainController.swift */; };
		842F1B9F2500F9A400689CCB /* CategoryCell.swift in Sources */ = {isa = PBXBuildFile; fileRef = 842F1B9D2500F9A400689CCB /* CategoryCell.swift */; };
		842F1BA02500F9A400689CCB /* CategoryCell.xib in Resources */ = {isa = PBXBuildFile; fileRef = 842F1B9E2500F9A400689CCB /* CategoryCell.xib */; };
		842F1BA22501135D00689CCB /* Category.swift in Sources */ = {isa = PBXBuildFile; fileRef = 842F1BA12501135D00689CCB /* Category.swift */; };
		842F1BA7250127FF00689CCB /* NetworkManager.swift in Sources */ = {isa = PBXBuildFile; fileRef = 842F1BA6250127FF00689CCB /* NetworkManager.swift */; };
		842F1BAA2503A68800689CCB /* PromoCell.swift in Sources */ = {isa = PBXBuildFile; fileRef = 842F1BA82503A68800689CCB /* PromoCell.swift */; };
		842F1BAB2503A68800689CCB /* PromoCell.xib in Resources */ = {isa = PBXBuildFile; fileRef = 842F1BA92503A68800689CCB /* PromoCell.xib */; };
		842F1BAD2503A71900689CCB /* Promo.swift in Sources */ = {isa = PBXBuildFile; fileRef = 842F1BAC2503A71900689CCB /* Promo.swift */; };
		842F1BEB2503F1BD00689CCB /* PromosCell.swift in Sources */ = {isa = PBXBuildFile; fileRef = 842F1BE92503F1BD00689CCB /* PromosCell.swift */; };
		842F1BF32504E0D000689CCB /* SearchPartnerController.swift in Sources */ = {isa = PBXBuildFile; fileRef = 842F1BF12504E0D000689CCB /* SearchPartnerController.swift */; };
		842F1BFE2504FA2B00689CCB /* HeaderView.swift in Sources */ = {isa = PBXBuildFile; fileRef = 842F1BFD2504FA2B00689CCB /* HeaderView.swift */; };
		842F1C022504FB6200689CCB /* HeaderView.xib in Resources */ = {isa = PBXBuildFile; fileRef = 842F1C012504FB6200689CCB /* HeaderView.xib */; };
		842F1C0425052ABD00689CCB /* MainSection.swift in Sources */ = {isa = PBXBuildFile; fileRef = 842F1C0325052ABD00689CCB /* MainSection.swift */; };
		842F1C0725056CF700689CCB /* BannerCell.swift in Sources */ = {isa = PBXBuildFile; fileRef = 842F1C0525056CF700689CCB /* BannerCell.swift */; };
		842F1C0825056CF700689CCB /* BannerCell.xib in Resources */ = {isa = PBXBuildFile; fileRef = 842F1C0625056CF700689CCB /* BannerCell.xib */; };
		842F1C0A2505700C00689CCB /* Banner.swift in Sources */ = {isa = PBXBuildFile; fileRef = 842F1C092505700C00689CCB /* Banner.swift */; };
		842F1C0C2505715400689CCB /* BannersCell.swift in Sources */ = {isa = PBXBuildFile; fileRef = 842F1C0B2505715400689CCB /* BannersCell.swift */; };
		847AC520251CB12D001DA17A /* GoodCell.swift in Sources */ = {isa = PBXBuildFile; fileRef = 847AC51E251CB12D001DA17A /* GoodCell.swift */; };
		847AC521251CB12D001DA17A /* GoodCell.xib in Resources */ = {isa = PBXBuildFile; fileRef = 847AC51F251CB12D001DA17A /* GoodCell.xib */; };
		847AC52C251F45E3001DA17A /* PromoHeader.swift in Sources */ = {isa = PBXBuildFile; fileRef = 847AC52B251F45E3001DA17A /* PromoHeader.swift */; };
		847AC52E251F5F93001DA17A /* PromoTableView.swift in Sources */ = {isa = PBXBuildFile; fileRef = 847AC52D251F5F93001DA17A /* PromoTableView.swift */; };
		847AC53325207F23001DA17A /* GoodsController.swift in Sources */ = {isa = PBXBuildFile; fileRef = 847AC53225207F23001DA17A /* GoodsController.swift */; };
		847AC53625208160001DA17A /* ShopsController.swift in Sources */ = {isa = PBXBuildFile; fileRef = 847AC53525208160001DA17A /* ShopsController.swift */; };
		84FF2F7425078EBB00A89910 /* CategoryController.swift in Sources */ = {isa = PBXBuildFile; fileRef = 84FF2F7225078EBB00A89910 /* CategoryController.swift */; };
		84FF2F792507A23600A89910 /* PartnerCell.swift in Sources */ = {isa = PBXBuildFile; fileRef = 84FF2F772507A23600A89910 /* PartnerCell.swift */; };
		84FF2F7A2507A23600A89910 /* PartnerCell.xib in Resources */ = {isa = PBXBuildFile; fileRef = 84FF2F782507A23600A89910 /* PartnerCell.xib */; };
		84FF2F7E2507B56B00A89910 /* Shop.swift in Sources */ = {isa = PBXBuildFile; fileRef = 84FF2F7D2507B56B00A89910 /* Shop.swift */; };
		84FF2F8A2508DD9800A89910 /* HeaderReusableView.swift in Sources */ = {isa = PBXBuildFile; fileRef = 84FF2F882508DD9800A89910 /* HeaderReusableView.swift */; };
		84FF2F8B2508DD9800A89910 /* HeaderReusableView.xib in Resources */ = {isa = PBXBuildFile; fileRef = 84FF2F892508DD9800A89910 /* HeaderReusableView.xib */; };
		84FF2F952509129800A89910 /* PromoController.swift in Sources */ = {isa = PBXBuildFile; fileRef = 84FF2F932509129800A89910 /* PromoController.swift */; };
		84FF2F9B250A546700A89910 /* PromosListController.swift in Sources */ = {isa = PBXBuildFile; fileRef = 84FF2F99250A546700A89910 /* PromosListController.swift */; };
		84FF2FA0250A5B5500A89910 /* MapController.swift in Sources */ = {isa = PBXBuildFile; fileRef = 84FF2F9E250A5B5500A89910 /* MapController.swift */; };
		84FF2FA5250A792B00A89910 /* SearchCityController.swift in Sources */ = {isa = PBXBuildFile; fileRef = 84FF2FA3250A792B00A89910 /* SearchCityController.swift */; };
		84FF2FA8250A7FD300A89910 /* RequestProvider.swift in Sources */ = {isa = PBXBuildFile; fileRef = 84FF2FA7250A7FD300A89910 /* RequestProvider.swift */; };
		84FF2FB0251B806800A89910 /* IndicatorCell.swift in Sources */ = {isa = PBXBuildFile; fileRef = 84FF2FAE251B806800A89910 /* IndicatorCell.swift */; };
		84FF2FB3251BC59000A89910 /* PromoSection.swift in Sources */ = {isa = PBXBuildFile; fileRef = 84FF2FB2251BC59000A89910 /* PromoSection.swift */; };
		84FF2FB8251C9C8B00A89910 /* AttributedLabelCell.swift in Sources */ = {isa = PBXBuildFile; fileRef = 84FF2FB6251C9C8B00A89910 /* AttributedLabelCell.swift */; };
		84FF2FBE251CA05400A89910 /* GoodsCell.swift in Sources */ = {isa = PBXBuildFile; fileRef = 84FF2FBC251CA05400A89910 /* GoodsCell.swift */; };
		84FF2FC2251CA08F00A89910 /* ParthersCell.swift in Sources */ = {isa = PBXBuildFile; fileRef = 84FF2FC0251CA08F00A89910 /* ParthersCell.swift */; };
/* End PBXBuildFile section */

/* Begin PBXFileReference section */
		64FCABEB9AFECC7BF46DAE33 /* Pods-SovkomPartners.release.xcconfig */ = {isa = PBXFileReference; includeInIndex = 1; lastKnownFileType = text.xcconfig; name = "Pods-SovkomPartners.release.xcconfig"; path = "Target Support Files/Pods-SovkomPartners/Pods-SovkomPartners.release.xcconfig"; sourceTree = "<group>"; };
		71D5BE84E0BA7473A6F3B643 /* Pods-SovkomPartners.debug.xcconfig */ = {isa = PBXFileReference; includeInIndex = 1; lastKnownFileType = text.xcconfig; name = "Pods-SovkomPartners.debug.xcconfig"; path = "Target Support Files/Pods-SovkomPartners/Pods-SovkomPartners.debug.xcconfig"; sourceTree = "<group>"; };
		8403C27A25065EE900A7A8EB /* Constants.swift */ = {isa = PBXFileReference; lastKnownFileType = sourcecode.swift; path = Constants.swift; sourceTree = "<group>"; };
		8403C27C2507860400A7A8EB /* swiftlint.yml */ = {isa = PBXFileReference; fileEncoding = 4; lastKnownFileType = text.yaml; path = swiftlint.yml; sourceTree = "<group>"; };
		842F1B7C2500F30500689CCB /* SovkomPartners.app */ = {isa = PBXFileReference; explicitFileType = wrapper.application; includeInIndex = 0; path = SovkomPartners.app; sourceTree = BUILT_PRODUCTS_DIR; };
		842F1B7F2500F30500689CCB /* AppDelegate.swift */ = {isa = PBXFileReference; lastKnownFileType = sourcecode.swift; path = AppDelegate.swift; sourceTree = "<group>"; };
		842F1B812500F30500689CCB /* SceneDelegate.swift */ = {isa = PBXFileReference; lastKnownFileType = sourcecode.swift; path = SceneDelegate.swift; sourceTree = "<group>"; };
		842F1B882500F30600689CCB /* Assets.xcassets */ = {isa = PBXFileReference; lastKnownFileType = folder.assetcatalog; path = Assets.xcassets; sourceTree = "<group>"; };
		842F1B8B2500F30600689CCB /* Base */ = {isa = PBXFileReference; lastKnownFileType = file.storyboard; name = Base; path = Base.lproj/LaunchScreen.storyboard; sourceTree = "<group>"; };
		842F1B8D2500F30600689CCB /* Info.plist */ = {isa = PBXFileReference; lastKnownFileType = text.plist.xml; path = Info.plist; sourceTree = "<group>"; };
		842F1B952500F48900689CCB /* MainController.swift */ = {isa = PBXFileReference; lastKnownFileType = sourcecode.swift; path = MainController.swift; sourceTree = "<group>"; };
		842F1B9D2500F9A400689CCB /* CategoryCell.swift */ = {isa = PBXFileReference; lastKnownFileType = sourcecode.swift; path = CategoryCell.swift; sourceTree = "<group>"; };
		842F1B9E2500F9A400689CCB /* CategoryCell.xib */ = {isa = PBXFileReference; lastKnownFileType = file.xib; path = CategoryCell.xib; sourceTree = "<group>"; };
		842F1BA12501135D00689CCB /* Category.swift */ = {isa = PBXFileReference; lastKnownFileType = sourcecode.swift; path = Category.swift; sourceTree = "<group>"; };
		842F1BA6250127FF00689CCB /* NetworkManager.swift */ = {isa = PBXFileReference; lastKnownFileType = sourcecode.swift; path = NetworkManager.swift; sourceTree = "<group>"; };
		842F1BA82503A68800689CCB /* PromoCell.swift */ = {isa = PBXFileReference; lastKnownFileType = sourcecode.swift; path = PromoCell.swift; sourceTree = "<group>"; };
		842F1BA92503A68800689CCB /* PromoCell.xib */ = {isa = PBXFileReference; lastKnownFileType = file.xib; path = PromoCell.xib; sourceTree = "<group>"; };
		842F1BAC2503A71900689CCB /* Promo.swift */ = {isa = PBXFileReference; lastKnownFileType = sourcecode.swift; path = Promo.swift; sourceTree = "<group>"; };
		842F1BE92503F1BD00689CCB /* PromosCell.swift */ = {isa = PBXFileReference; lastKnownFileType = sourcecode.swift; path = PromosCell.swift; sourceTree = "<group>"; };
		842F1BF12504E0D000689CCB /* SearchPartnerController.swift */ = {isa = PBXFileReference; lastKnownFileType = sourcecode.swift; path = SearchPartnerController.swift; sourceTree = "<group>"; };
		842F1BFD2504FA2B00689CCB /* HeaderView.swift */ = {isa = PBXFileReference; lastKnownFileType = sourcecode.swift; path = HeaderView.swift; sourceTree = "<group>"; };
		842F1C012504FB6200689CCB /* HeaderView.xib */ = {isa = PBXFileReference; lastKnownFileType = file.xib; path = HeaderView.xib; sourceTree = "<group>"; };
		842F1C0325052ABD00689CCB /* MainSection.swift */ = {isa = PBXFileReference; lastKnownFileType = sourcecode.swift; path = MainSection.swift; sourceTree = "<group>"; };
		842F1C0525056CF700689CCB /* BannerCell.swift */ = {isa = PBXFileReference; lastKnownFileType = sourcecode.swift; path = BannerCell.swift; sourceTree = "<group>"; };
		842F1C0625056CF700689CCB /* BannerCell.xib */ = {isa = PBXFileReference; lastKnownFileType = file.xib; path = BannerCell.xib; sourceTree = "<group>"; };
		842F1C092505700C00689CCB /* Banner.swift */ = {isa = PBXFileReference; lastKnownFileType = sourcecode.swift; path = Banner.swift; sourceTree = "<group>"; };
		842F1C0B2505715400689CCB /* BannersCell.swift */ = {isa = PBXFileReference; lastKnownFileType = sourcecode.swift; path = BannersCell.swift; sourceTree = "<group>"; };
		847AC51E251CB12D001DA17A /* GoodCell.swift */ = {isa = PBXFileReference; lastKnownFileType = sourcecode.swift; path = GoodCell.swift; sourceTree = "<group>"; };
		847AC51F251CB12D001DA17A /* GoodCell.xib */ = {isa = PBXFileReference; lastKnownFileType = file.xib; path = GoodCell.xib; sourceTree = "<group>"; };
		847AC52B251F45E3001DA17A /* PromoHeader.swift */ = {isa = PBXFileReference; lastKnownFileType = sourcecode.swift; path = PromoHeader.swift; sourceTree = "<group>"; };
		847AC52D251F5F93001DA17A /* PromoTableView.swift */ = {isa = PBXFileReference; lastKnownFileType = sourcecode.swift; path = PromoTableView.swift; sourceTree = "<group>"; };
		847AC53225207F23001DA17A /* GoodsController.swift */ = {isa = PBXFileReference; lastKnownFileType = sourcecode.swift; path = GoodsController.swift; sourceTree = "<group>"; };
		847AC53525208160001DA17A /* ShopsController.swift */ = {isa = PBXFileReference; lastKnownFileType = sourcecode.swift; path = ShopsController.swift; sourceTree = "<group>"; };
		84FF2F7225078EBB00A89910 /* CategoryController.swift */ = {isa = PBXFileReference; lastKnownFileType = sourcecode.swift; path = CategoryController.swift; sourceTree = "<group>"; };
		84FF2F772507A23600A89910 /* PartnerCell.swift */ = {isa = PBXFileReference; lastKnownFileType = sourcecode.swift; path = PartnerCell.swift; sourceTree = "<group>"; };
		84FF2F782507A23600A89910 /* PartnerCell.xib */ = {isa = PBXFileReference; lastKnownFileType = file.xib; path = PartnerCell.xib; sourceTree = "<group>"; };
		84FF2F7D2507B56B00A89910 /* Shop.swift */ = {isa = PBXFileReference; lastKnownFileType = sourcecode.swift; path = Shop.swift; sourceTree = "<group>"; };
		84FF2F882508DD9800A89910 /* HeaderReusableView.swift */ = {isa = PBXFileReference; lastKnownFileType = sourcecode.swift; path = HeaderReusableView.swift; sourceTree = "<group>"; };
		84FF2F892508DD9800A89910 /* HeaderReusableView.xib */ = {isa = PBXFileReference; lastKnownFileType = file.xib; path = HeaderReusableView.xib; sourceTree = "<group>"; };
		84FF2F932509129800A89910 /* PromoController.swift */ = {isa = PBXFileReference; lastKnownFileType = sourcecode.swift; path = PromoController.swift; sourceTree = "<group>"; };
		84FF2F99250A546700A89910 /* PromosListController.swift */ = {isa = PBXFileReference; lastKnownFileType = sourcecode.swift; path = PromosListController.swift; sourceTree = "<group>"; };
		84FF2F9E250A5B5500A89910 /* MapController.swift */ = {isa = PBXFileReference; lastKnownFileType = sourcecode.swift; path = MapController.swift; sourceTree = "<group>"; };
		84FF2FA3250A792B00A89910 /* SearchCityController.swift */ = {isa = PBXFileReference; lastKnownFileType = sourcecode.swift; path = SearchCityController.swift; sourceTree = "<group>"; };
		84FF2FA7250A7FD300A89910 /* RequestProvider.swift */ = {isa = PBXFileReference; lastKnownFileType = sourcecode.swift; path = RequestProvider.swift; sourceTree = "<group>"; };
		84FF2FAE251B806800A89910 /* IndicatorCell.swift */ = {isa = PBXFileReference; lastKnownFileType = sourcecode.swift; path = IndicatorCell.swift; sourceTree = "<group>"; };
		84FF2FB2251BC59000A89910 /* PromoSection.swift */ = {isa = PBXFileReference; lastKnownFileType = sourcecode.swift; path = PromoSection.swift; sourceTree = "<group>"; };
		84FF2FB6251C9C8B00A89910 /* AttributedLabelCell.swift */ = {isa = PBXFileReference; lastKnownFileType = sourcecode.swift; path = AttributedLabelCell.swift; sourceTree = "<group>"; };
		84FF2FBC251CA05400A89910 /* GoodsCell.swift */ = {isa = PBXFileReference; lastKnownFileType = sourcecode.swift; path = GoodsCell.swift; sourceTree = "<group>"; };
		84FF2FC0251CA08F00A89910 /* ParthersCell.swift */ = {isa = PBXFileReference; lastKnownFileType = sourcecode.swift; path = ParthersCell.swift; sourceTree = "<group>"; };
		BB1AADD6FF2FE787B360B13B /* Pods_SovkomPartners.framework */ = {isa = PBXFileReference; explicitFileType = wrapper.framework; includeInIndex = 0; path = Pods_SovkomPartners.framework; sourceTree = BUILT_PRODUCTS_DIR; };
/* End PBXFileReference section */

/* Begin PBXFrameworksBuildPhase section */
		842F1B792500F30500689CCB /* Frameworks */ = {
			isa = PBXFrameworksBuildPhase;
			buildActionMask = 2147483647;
			files = (
				545CB69FC99177DFDE03AB91 /* Pods_SovkomPartners.framework in Frameworks */,
			);
			runOnlyForDeploymentPostprocessing = 0;
		};
/* End PBXFrameworksBuildPhase section */

/* Begin PBXGroup section */
		37DC41D28A7C80C31F715F3B /* Frameworks */ = {
			isa = PBXGroup;
			children = (
				BB1AADD6FF2FE787B360B13B /* Pods_SovkomPartners.framework */,
			);
			name = Frameworks;
			sourceTree = "<group>";
		};
		842F1B732500F30500689CCB = {
			isa = PBXGroup;
			children = (
				842F1B7E2500F30500689CCB /* SovkomPartners */,
				37DC41D28A7C80C31F715F3B /* Frameworks */,
				969474D04E8B7D32F60F5A26 /* Pods */,
				842F1B7D2500F30500689CCB /* Products */,
			);
			sourceTree = "<group>";
		};
		842F1B7D2500F30500689CCB /* Products */ = {
			isa = PBXGroup;
			children = (
				842F1B7C2500F30500689CCB /* SovkomPartners.app */,
			);
			name = Products;
			sourceTree = "<group>";
		};
		842F1B7E2500F30500689CCB /* SovkomPartners */ = {
			isa = PBXGroup;
			children = (
				842F1B932500F35000689CCB /* App */,
				842F1B942500F38000689CCB /* Source */,
				842F1B9C2500F51500689CCB /* SupportingFiles */,
			);
			path = SovkomPartners;
			sourceTree = "<group>";
		};
		842F1B932500F35000689CCB /* App */ = {
			isa = PBXGroup;
			children = (
				842F1B7F2500F30500689CCB /* AppDelegate.swift */,
				842F1B812500F30500689CCB /* SceneDelegate.swift */,
			);
			path = App;
			sourceTree = "<group>";
		};
		842F1B942500F38000689CCB /* Source */ = {
			isa = PBXGroup;
			children = (
				8403C27A25065EE900A7A8EB /* Constants.swift */,
				842F1B952500F48900689CCB /* MainController.swift */,
				84FF2F762507A17400A89910 /* Category */,
				842F1B992500F49B00689CCB /* Cells */,
				84FF2FA2250A783300A89910 /* City */,
				842F1B9A2500F4C000689CCB /* Managers */,
				84FF2F9D250A5AD900A89910 /* Map */,
				842F1B9B2500F4DC00689CCB /* Models */,
				84FF2F922509124C00A89910 /* Promo */,
				84FF2F97250A53E000A89910 /* Search */,
				847AC5372520D09A001DA17A /* Views */,
			);
			path = Source;
			sourceTree = "<group>";
		};
		842F1B992500F49B00689CCB /* Cells */ = {
			isa = PBXGroup;
			children = (
				847AC522251CB186001DA17A /* AttributedLabel */,
				842F1C0F250572FC00689CCB /* Banner */,
				842F1C0D250572B400689CCB /* Category */,
				847AC523251CB199001DA17A /* Good */,
				84FF2FA9251B7A4900A89910 /* Indicator */,
				847AC53125207A54001DA17A /* Partner */,
				842F1C0E250572D600689CCB /* Promo */,
			);
			path = Cells;
			sourceTree = "<group>";
		};
		842F1B9A2500F4C000689CCB /* Managers */ = {
			isa = PBXGroup;
			children = (
				842F1BA6250127FF00689CCB /* NetworkManager.swift */,
				84FF2FA7250A7FD300A89910 /* RequestProvider.swift */,
			);
			path = Managers;
			sourceTree = "<group>";
		};
		842F1B9B2500F4DC00689CCB /* Models */ = {
			isa = PBXGroup;
			children = (
				842F1C092505700C00689CCB /* Banner.swift */,
				842F1BA12501135D00689CCB /* Category.swift */,
				842F1C0325052ABD00689CCB /* MainSection.swift */,
				842F1BAC2503A71900689CCB /* Promo.swift */,
				84FF2F7D2507B56B00A89910 /* Shop.swift */,
			);
			path = Models;
			sourceTree = "<group>";
		};
		842F1B9C2500F51500689CCB /* SupportingFiles */ = {
			isa = PBXGroup;
			children = (
				842F1B8D2500F30600689CCB /* Info.plist */,
				842F1B882500F30600689CCB /* Assets.xcassets */,
				8403C27C2507860400A7A8EB /* swiftlint.yml */,
				842F1B8A2500F30600689CCB /* LaunchScreen.storyboard */,
			);
			path = SupportingFiles;
			sourceTree = "<group>";
		};
		842F1C0D250572B400689CCB /* Category */ = {
			isa = PBXGroup;
			children = (
				842F1B9D2500F9A400689CCB /* CategoryCell.swift */,
				842F1B9E2500F9A400689CCB /* CategoryCell.xib */,
			);
			path = Category;
			sourceTree = "<group>";
		};
		842F1C0E250572D600689CCB /* Promo */ = {
			isa = PBXGroup;
			children = (
				842F1BA82503A68800689CCB /* PromoCell.swift */,
				842F1BA92503A68800689CCB /* PromoCell.xib */,
				842F1BE92503F1BD00689CCB /* PromosCell.swift */,
			);
			path = Promo;
			sourceTree = "<group>";
		};
		842F1C0F250572FC00689CCB /* Banner */ = {
			isa = PBXGroup;
			children = (
				842F1C0525056CF700689CCB /* BannerCell.swift */,
				842F1C0625056CF700689CCB /* BannerCell.xib */,
				842F1C0B2505715400689CCB /* BannersCell.swift */,
			);
			path = Banner;
			sourceTree = "<group>";
		};
		847AC522251CB186001DA17A /* AttributedLabel */ = {
			isa = PBXGroup;
			children = (
				84FF2FB6251C9C8B00A89910 /* AttributedLabelCell.swift */,
			);
			path = AttributedLabel;
			sourceTree = "<group>";
		};
		847AC523251CB199001DA17A /* Good */ = {
			isa = PBXGroup;
			children = (
				847AC51E251CB12D001DA17A /* GoodCell.swift */,
				847AC51F251CB12D001DA17A /* GoodCell.xib */,
				84FF2FBC251CA05400A89910 /* GoodsCell.swift */,
			);
			path = Good;
			sourceTree = "<group>";
		};
		847AC52F251FA9CA001DA17A /* Views */ = {
			isa = PBXGroup;
			children = (
				847AC52B251F45E3001DA17A /* PromoHeader.swift */,
				847AC52D251F5F93001DA17A /* PromoTableView.swift */,
			);
			path = Views;
			sourceTree = "<group>";
		};
		847AC530251FA9D7001DA17A /* Models */ = {
			isa = PBXGroup;
			children = (
				84FF2FB2251BC59000A89910 /* PromoSection.swift */,
			);
			path = Models;
			sourceTree = "<group>";
		};
		847AC53125207A54001DA17A /* Partner */ = {
			isa = PBXGroup;
			children = (
				84FF2FC0251CA08F00A89910 /* ParthersCell.swift */,
				84FF2F772507A23600A89910 /* PartnerCell.swift */,
				84FF2F782507A23600A89910 /* PartnerCell.xib */,
			);
			path = Partner;
			sourceTree = "<group>";
		};
		847AC53425208136001DA17A /* Controllers */ = {
			isa = PBXGroup;
			children = (
				847AC53225207F23001DA17A /* GoodsController.swift */,
				847AC53525208160001DA17A /* ShopsController.swift */,
			);
			path = Controllers;
			sourceTree = "<group>";
		};
		847AC5372520D09A001DA17A /* Views */ = {
			isa = PBXGroup;
			children = (
				84FF2F882508DD9800A89910 /* HeaderReusableView.swift */,
				84FF2F892508DD9800A89910 /* HeaderReusableView.xib */,
				842F1BFD2504FA2B00689CCB /* HeaderView.swift */,
				842F1C012504FB6200689CCB /* HeaderView.xib */,
			);
			path = Views;
			sourceTree = "<group>";
		};
		84FF2F762507A17400A89910 /* Category */ = {
			isa = PBXGroup;
			children = (
				84FF2F7225078EBB00A89910 /* CategoryController.swift */,
			);
			path = Category;
			sourceTree = "<group>";
		};
		84FF2F922509124C00A89910 /* Promo */ = {
			isa = PBXGroup;
			children = (
				84FF2F932509129800A89910 /* PromoController.swift */,
				84FF2F99250A546700A89910 /* PromosListController.swift */,
				847AC53425208136001DA17A /* Controllers */,
				847AC530251FA9D7001DA17A /* Models */,
				847AC52F251FA9CA001DA17A /* Views */,
			);
			path = Promo;
			sourceTree = "<group>";
		};
		84FF2F97250A53E000A89910 /* Search */ = {
			isa = PBXGroup;
			children = (
				842F1BF12504E0D000689CCB /* SearchPartnerController.swift */,
			);
			path = Search;
			sourceTree = "<group>";
		};
		84FF2F9D250A5AD900A89910 /* Map */ = {
			isa = PBXGroup;
			children = (
				84FF2F9E250A5B5500A89910 /* MapController.swift */,
			);
			path = Map;
			sourceTree = "<group>";
		};
		84FF2FA2250A783300A89910 /* City */ = {
			isa = PBXGroup;
			children = (
				84FF2FA3250A792B00A89910 /* SearchCityController.swift */,
			);
			path = City;
			sourceTree = "<group>";
		};
		84FF2FA9251B7A4900A89910 /* Indicator */ = {
			isa = PBXGroup;
			children = (
				84FF2FAE251B806800A89910 /* IndicatorCell.swift */,
			);
			path = Indicator;
			sourceTree = "<group>";
		};
		969474D04E8B7D32F60F5A26 /* Pods */ = {
			isa = PBXGroup;
			children = (
				71D5BE84E0BA7473A6F3B643 /* Pods-SovkomPartners.debug.xcconfig */,
				64FCABEB9AFECC7BF46DAE33 /* Pods-SovkomPartners.release.xcconfig */,
			);
			path = Pods;
			sourceTree = "<group>";
		};
/* End PBXGroup section */

/* Begin PBXNativeTarget section */
		842F1B7B2500F30500689CCB /* SovkomPartners */ = {
			isa = PBXNativeTarget;
			buildConfigurationList = 842F1B902500F30600689CCB /* Build configuration list for PBXNativeTarget "SovkomPartners" */;
			buildPhases = (
				F1E0F76D66793C01168DD020 /* [CP] Check Pods Manifest.lock */,
				842F1B782500F30500689CCB /* Sources */,
				842F1B792500F30500689CCB /* Frameworks */,
				842F1B7A2500F30500689CCB /* Resources */,
				8403C27E2507863C00A7A8EB /* SwiftLint */,
				0158333D53C88539478D2750 /* [CP] Embed Pods Frameworks */,
			);
			buildRules = (
			);
			dependencies = (
			);
			name = SovkomPartners;
			productName = SovkomPartners;
			productReference = 842F1B7C2500F30500689CCB /* SovkomPartners.app */;
			productType = "com.apple.product-type.application";
		};
/* End PBXNativeTarget section */

/* Begin PBXProject section */
		842F1B742500F30500689CCB /* Project object */ = {
			isa = PBXProject;
			attributes = {
				LastSwiftUpdateCheck = 1150;
				LastUpgradeCheck = 1150;
				ORGANIZATIONNAME = "Диана Булгакова";
				TargetAttributes = {
					842F1B7B2500F30500689CCB = {
						CreatedOnToolsVersion = 11.5;
					};
				};
			};
			buildConfigurationList = 842F1B772500F30500689CCB /* Build configuration list for PBXProject "SovkomPartners" */;
			compatibilityVersion = "Xcode 9.3";
			developmentRegion = en;
			hasScannedForEncodings = 0;
			knownRegions = (
				en,
				Base,
			);
			mainGroup = 842F1B732500F30500689CCB;
			productRefGroup = 842F1B7D2500F30500689CCB /* Products */;
			projectDirPath = "";
			projectRoot = "";
			targets = (
				842F1B7B2500F30500689CCB /* SovkomPartners */,
			);
		};
/* End PBXProject section */

/* Begin PBXResourcesBuildPhase section */
		842F1B7A2500F30500689CCB /* Resources */ = {
			isa = PBXResourcesBuildPhase;
			buildActionMask = 2147483647;
			files = (
				842F1BA02500F9A400689CCB /* CategoryCell.xib in Resources */,
				842F1B8C2500F30600689CCB /* LaunchScreen.storyboard in Resources */,
				84FF2F7A2507A23600A89910 /* PartnerCell.xib in Resources */,
				842F1B892500F30600689CCB /* Assets.xcassets in Resources */,
				842F1C022504FB6200689CCB /* HeaderView.xib in Resources */,
				847AC521251CB12D001DA17A /* GoodCell.xib in Resources */,
				84FF2F8B2508DD9800A89910 /* HeaderReusableView.xib in Resources */,
				842F1C0825056CF700689CCB /* BannerCell.xib in Resources */,
				8403C27D2507860400A7A8EB /* swiftlint.yml in Resources */,
				842F1BAB2503A68800689CCB /* PromoCell.xib in Resources */,
			);
			runOnlyForDeploymentPostprocessing = 0;
		};
/* End PBXResourcesBuildPhase section */

/* Begin PBXShellScriptBuildPhase section */
		0158333D53C88539478D2750 /* [CP] Embed Pods Frameworks */ = {
			isa = PBXShellScriptBuildPhase;
			buildActionMask = 2147483647;
			files = (
			);
			inputFileListPaths = (
				"${PODS_ROOT}/Target Support Files/Pods-SovkomPartners/Pods-SovkomPartners-frameworks-${CONFIGURATION}-input-files.xcfilelist",
			);
			name = "[CP] Embed Pods Frameworks";
			outputFileListPaths = (
				"${PODS_ROOT}/Target Support Files/Pods-SovkomPartners/Pods-SovkomPartners-frameworks-${CONFIGURATION}-output-files.xcfilelist",
			);
			runOnlyForDeploymentPostprocessing = 0;
			shellPath = /bin/sh;
			shellScript = "\"${PODS_ROOT}/Target Support Files/Pods-SovkomPartners/Pods-SovkomPartners-frameworks.sh\"\n";
			showEnvVarsInLog = 0;
		};
		8403C27E2507863C00A7A8EB /* SwiftLint */ = {
			isa = PBXShellScriptBuildPhase;
			buildActionMask = 2147483647;
			files = (
			);
			inputFileListPaths = (
			);
			inputPaths = (
			);
			name = SwiftLint;
			outputFileListPaths = (
			);
			outputPaths = (
			);
			runOnlyForDeploymentPostprocessing = 0;
			shellPath = /bin/sh;
			shellScript = "\"${PODS_ROOT}/SwiftLint/swiftlint\" --config \"${SRCROOT}/SovkomPartners/SupportingFiles/swiftlint.yml\"\n";
		};
		F1E0F76D66793C01168DD020 /* [CP] Check Pods Manifest.lock */ = {
			isa = PBXShellScriptBuildPhase;
			buildActionMask = 2147483647;
			files = (
			);
			inputFileListPaths = (
			);
			inputPaths = (
				"${PODS_PODFILE_DIR_PATH}/Podfile.lock",
				"${PODS_ROOT}/Manifest.lock",
			);
			name = "[CP] Check Pods Manifest.lock";
			outputFileListPaths = (
			);
			outputPaths = (
				"$(DERIVED_FILE_DIR)/Pods-SovkomPartners-checkManifestLockResult.txt",
			);
			runOnlyForDeploymentPostprocessing = 0;
			shellPath = /bin/sh;
			shellScript = "diff \"${PODS_PODFILE_DIR_PATH}/Podfile.lock\" \"${PODS_ROOT}/Manifest.lock\" > /dev/null\nif [ $? != 0 ] ; then\n    # print error to STDERR\n    echo \"error: The sandbox is not in sync with the Podfile.lock. Run 'pod install' or update your CocoaPods installation.\" >&2\n    exit 1\nfi\n# This output is used by Xcode 'outputs' to avoid re-running this script phase.\necho \"SUCCESS\" > \"${SCRIPT_OUTPUT_FILE_0}\"\n";
			showEnvVarsInLog = 0;
		};
/* End PBXShellScriptBuildPhase section */

/* Begin PBXSourcesBuildPhase section */
		842F1B782500F30500689CCB /* Sources */ = {
			isa = PBXSourcesBuildPhase;
			buildActionMask = 2147483647;
			files = (
				847AC53625208160001DA17A /* ShopsController.swift in Sources */,
				84FF2FA5250A792B00A89910 /* SearchCityController.swift in Sources */,
				842F1C0C2505715400689CCB /* BannersCell.swift in Sources */,
				847AC52C251F45E3001DA17A /* PromoHeader.swift in Sources */,
				842F1BF32504E0D000689CCB /* SearchPartnerController.swift in Sources */,
				84FF2F8A2508DD9800A89910 /* HeaderReusableView.swift in Sources */,
				84FF2F9B250A546700A89910 /* PromosListController.swift in Sources */,
				842F1BA22501135D00689CCB /* Category.swift in Sources */,
				842F1B9F2500F9A400689CCB /* CategoryCell.swift in Sources */,
				84FF2FB0251B806800A89910 /* IndicatorCell.swift in Sources */,
				84FF2FB8251C9C8B00A89910 /* AttributedLabelCell.swift in Sources */,
				847AC52E251F5F93001DA17A /* PromoTableView.swift in Sources */,
				84FF2F7425078EBB00A89910 /* CategoryController.swift in Sources */,
				847AC53325207F23001DA17A /* GoodsController.swift in Sources */,
				842F1C0725056CF700689CCB /* BannerCell.swift in Sources */,
				842F1B802500F30500689CCB /* AppDelegate.swift in Sources */,
				842F1BAD2503A71900689CCB /* Promo.swift in Sources */,
				84FF2F952509129800A89910 /* PromoController.swift in Sources */,
				8403C27B25065EE900A7A8EB /* Constants.swift in Sources */,
				842F1BA7250127FF00689CCB /* NetworkManager.swift in Sources */,
				842F1B972500F48900689CCB /* MainController.swift in Sources */,
				847AC520251CB12D001DA17A /* GoodCell.swift in Sources */,
				842F1BFE2504FA2B00689CCB /* HeaderView.swift in Sources */,
				84FF2FA8250A7FD300A89910 /* RequestProvider.swift in Sources */,
				842F1B822500F30500689CCB /* SceneDelegate.swift in Sources */,
				84FF2FA0250A5B5500A89910 /* MapController.swift in Sources */,
				84FF2FBE251CA05400A89910 /* GoodsCell.swift in Sources */,
				842F1BAA2503A68800689CCB /* PromoCell.swift in Sources */,
				84FF2F7E2507B56B00A89910 /* Shop.swift in Sources */,
				84FF2FC2251CA08F00A89910 /* ParthersCell.swift in Sources */,
				84FF2FB3251BC59000A89910 /* PromoSection.swift in Sources */,
				84FF2F792507A23600A89910 /* PartnerCell.swift in Sources */,
				842F1C0A2505700C00689CCB /* Banner.swift in Sources */,
				842F1C0425052ABD00689CCB /* MainSection.swift in Sources */,
				842F1BEB2503F1BD00689CCB /* PromosCell.swift in Sources */,
			);
			runOnlyForDeploymentPostprocessing = 0;
		};
/* End PBXSourcesBuildPhase section */

/* Begin PBXVariantGroup section */
		842F1B8A2500F30600689CCB /* LaunchScreen.storyboard */ = {
			isa = PBXVariantGroup;
			children = (
				842F1B8B2500F30600689CCB /* Base */,
			);
			name = LaunchScreen.storyboard;
			sourceTree = "<group>";
		};
/* End PBXVariantGroup section */

/* Begin XCBuildConfiguration section */
		842F1B8E2500F30600689CCB /* Debug */ = {
			isa = XCBuildConfiguration;
			buildSettings = {
				ALWAYS_SEARCH_USER_PATHS = NO;
				CLANG_ANALYZER_NONNULL = YES;
				CLANG_ANALYZER_NUMBER_OBJECT_CONVERSION = YES_AGGRESSIVE;
				CLANG_CXX_LANGUAGE_STANDARD = "gnu++14";
				CLANG_CXX_LIBRARY = "libc++";
				CLANG_ENABLE_MODULES = YES;
				CLANG_ENABLE_OBJC_ARC = YES;
				CLANG_ENABLE_OBJC_WEAK = YES;
				CLANG_WARN_BLOCK_CAPTURE_AUTORELEASING = YES;
				CLANG_WARN_BOOL_CONVERSION = YES;
				CLANG_WARN_COMMA = YES;
				CLANG_WARN_CONSTANT_CONVERSION = YES;
				CLANG_WARN_DEPRECATED_OBJC_IMPLEMENTATIONS = YES;
				CLANG_WARN_DIRECT_OBJC_ISA_USAGE = YES_ERROR;
				CLANG_WARN_DOCUMENTATION_COMMENTS = YES;
				CLANG_WARN_EMPTY_BODY = YES;
				CLANG_WARN_ENUM_CONVERSION = YES;
				CLANG_WARN_INFINITE_RECURSION = YES;
				CLANG_WARN_INT_CONVERSION = YES;
				CLANG_WARN_NON_LITERAL_NULL_CONVERSION = YES;
				CLANG_WARN_OBJC_IMPLICIT_RETAIN_SELF = YES;
				CLANG_WARN_OBJC_LITERAL_CONVERSION = YES;
				CLANG_WARN_OBJC_ROOT_CLASS = YES_ERROR;
				CLANG_WARN_RANGE_LOOP_ANALYSIS = YES;
				CLANG_WARN_STRICT_PROTOTYPES = YES;
				CLANG_WARN_SUSPICIOUS_MOVE = YES;
				CLANG_WARN_UNGUARDED_AVAILABILITY = YES_AGGRESSIVE;
				CLANG_WARN_UNREACHABLE_CODE = YES;
				CLANG_WARN__DUPLICATE_METHOD_MATCH = YES;
				COPY_PHASE_STRIP = NO;
				DEBUG_INFORMATION_FORMAT = dwarf;
				ENABLE_STRICT_OBJC_MSGSEND = YES;
				ENABLE_TESTABILITY = YES;
				GCC_C_LANGUAGE_STANDARD = gnu11;
				GCC_DYNAMIC_NO_PIC = NO;
				GCC_NO_COMMON_BLOCKS = YES;
				GCC_OPTIMIZATION_LEVEL = 0;
				GCC_PREPROCESSOR_DEFINITIONS = (
					"DEBUG=1",
					"$(inherited)",
				);
				GCC_WARN_64_TO_32_BIT_CONVERSION = YES;
				GCC_WARN_ABOUT_RETURN_TYPE = YES_ERROR;
				GCC_WARN_UNDECLARED_SELECTOR = YES;
				GCC_WARN_UNINITIALIZED_AUTOS = YES_AGGRESSIVE;
				GCC_WARN_UNUSED_FUNCTION = YES;
				GCC_WARN_UNUSED_VARIABLE = YES;
				IPHONEOS_DEPLOYMENT_TARGET = 13.5;
				MTL_ENABLE_DEBUG_INFO = INCLUDE_SOURCE;
				MTL_FAST_MATH = YES;
				ONLY_ACTIVE_ARCH = YES;
				SDKROOT = iphoneos;
				SWIFT_ACTIVE_COMPILATION_CONDITIONS = DEBUG;
				SWIFT_OPTIMIZATION_LEVEL = "-Onone";
			};
			name = Debug;
		};
		842F1B8F2500F30600689CCB /* Release */ = {
			isa = XCBuildConfiguration;
			buildSettings = {
				ALWAYS_SEARCH_USER_PATHS = NO;
				CLANG_ANALYZER_NONNULL = YES;
				CLANG_ANALYZER_NUMBER_OBJECT_CONVERSION = YES_AGGRESSIVE;
				CLANG_CXX_LANGUAGE_STANDARD = "gnu++14";
				CLANG_CXX_LIBRARY = "libc++";
				CLANG_ENABLE_MODULES = YES;
				CLANG_ENABLE_OBJC_ARC = YES;
				CLANG_ENABLE_OBJC_WEAK = YES;
				CLANG_WARN_BLOCK_CAPTURE_AUTORELEASING = YES;
				CLANG_WARN_BOOL_CONVERSION = YES;
				CLANG_WARN_COMMA = YES;
				CLANG_WARN_CONSTANT_CONVERSION = YES;
				CLANG_WARN_DEPRECATED_OBJC_IMPLEMENTATIONS = YES;
				CLANG_WARN_DIRECT_OBJC_ISA_USAGE = YES_ERROR;
				CLANG_WARN_DOCUMENTATION_COMMENTS = YES;
				CLANG_WARN_EMPTY_BODY = YES;
				CLANG_WARN_ENUM_CONVERSION = YES;
				CLANG_WARN_INFINITE_RECURSION = YES;
				CLANG_WARN_INT_CONVERSION = YES;
				CLANG_WARN_NON_LITERAL_NULL_CONVERSION = YES;
				CLANG_WARN_OBJC_IMPLICIT_RETAIN_SELF = YES;
				CLANG_WARN_OBJC_LITERAL_CONVERSION = YES;
				CLANG_WARN_OBJC_ROOT_CLASS = YES_ERROR;
				CLANG_WARN_RANGE_LOOP_ANALYSIS = YES;
				CLANG_WARN_STRICT_PROTOTYPES = YES;
				CLANG_WARN_SUSPICIOUS_MOVE = YES;
				CLANG_WARN_UNGUARDED_AVAILABILITY = YES_AGGRESSIVE;
				CLANG_WARN_UNREACHABLE_CODE = YES;
				CLANG_WARN__DUPLICATE_METHOD_MATCH = YES;
				COPY_PHASE_STRIP = NO;
				DEBUG_INFORMATION_FORMAT = "dwarf-with-dsym";
				ENABLE_NS_ASSERTIONS = NO;
				ENABLE_STRICT_OBJC_MSGSEND = YES;
				GCC_C_LANGUAGE_STANDARD = gnu11;
				GCC_NO_COMMON_BLOCKS = YES;
				GCC_WARN_64_TO_32_BIT_CONVERSION = YES;
				GCC_WARN_ABOUT_RETURN_TYPE = YES_ERROR;
				GCC_WARN_UNDECLARED_SELECTOR = YES;
				GCC_WARN_UNINITIALIZED_AUTOS = YES_AGGRESSIVE;
				GCC_WARN_UNUSED_FUNCTION = YES;
				GCC_WARN_UNUSED_VARIABLE = YES;
				IPHONEOS_DEPLOYMENT_TARGET = 13.5;
				MTL_ENABLE_DEBUG_INFO = NO;
				MTL_FAST_MATH = YES;
				SDKROOT = iphoneos;
				SWIFT_COMPILATION_MODE = wholemodule;
				SWIFT_OPTIMIZATION_LEVEL = "-O";
				VALIDATE_PRODUCT = YES;
			};
			name = Release;
		};
		842F1B912500F30600689CCB /* Debug */ = {
			isa = XCBuildConfiguration;
			baseConfigurationReference = 71D5BE84E0BA7473A6F3B643 /* Pods-SovkomPartners.debug.xcconfig */;
			buildSettings = {
				ASSETCATALOG_COMPILER_APPICON_NAME = AppIcon;
				CODE_SIGN_STYLE = Automatic;
				INFOPLIST_FILE = "$(SRCROOT)/SovkomPartners/SupportingFiles/Info.plist";
				LD_RUNPATH_SEARCH_PATHS = (
					"$(inherited)",
					"@executable_path/Frameworks",
				);
				PRODUCT_BUNDLE_IDENTIFIER = com.BulgakovaDiana.SovkomPartners;
				PRODUCT_NAME = "$(TARGET_NAME)";
				SWIFT_VERSION = 5.0;
				TARGETED_DEVICE_FAMILY = "1,2";
			};
			name = Debug;
		};
		842F1B922500F30600689CCB /* Release */ = {
			isa = XCBuildConfiguration;
			baseConfigurationReference = 64FCABEB9AFECC7BF46DAE33 /* Pods-SovkomPartners.release.xcconfig */;
			buildSettings = {
				ASSETCATALOG_COMPILER_APPICON_NAME = AppIcon;
				CODE_SIGN_STYLE = Automatic;
				INFOPLIST_FILE = "$(SRCROOT)/SovkomPartners/SupportingFiles/Info.plist";
				LD_RUNPATH_SEARCH_PATHS = (
					"$(inherited)",
					"@executable_path/Frameworks",
				);
				PRODUCT_BUNDLE_IDENTIFIER = com.BulgakovaDiana.SovkomPartners;
				PRODUCT_NAME = "$(TARGET_NAME)";
				SWIFT_VERSION = 5.0;
				TARGETED_DEVICE_FAMILY = "1,2";
			};
			name = Release;
		};
/* End XCBuildConfiguration section */

/* Begin XCConfigurationList section */
		842F1B772500F30500689CCB /* Build configuration list for PBXProject "SovkomPartners" */ = {
			isa = XCConfigurationList;
			buildConfigurations = (
				842F1B8E2500F30600689CCB /* Debug */,
				842F1B8F2500F30600689CCB /* Release */,
			);
			defaultConfigurationIsVisible = 0;
			defaultConfigurationName = Release;
		};
		842F1B902500F30600689CCB /* Build configuration list for PBXNativeTarget "SovkomPartners" */ = {
			isa = XCConfigurationList;
			buildConfigurations = (
				842F1B912500F30600689CCB /* Debug */,
				842F1B922500F30600689CCB /* Release */,
			);
			defaultConfigurationIsVisible = 0;
			defaultConfigurationName = Release;
		};
/* End XCConfigurationList section */
	};
	rootObject = 842F1B742500F30500689CCB /* Project object */;
}
